// !$*UTF8*$!
{
	archiveVersion = 1;
	classes = {
	};
	objectVersion = 56;
	objects = {

/* Begin PBXBuildFile section */
		2D43E5CB294D144500C14817 /* AppState.swift in Sources */ = {isa = PBXBuildFile; fileRef = 2D43E5CA294D144500C14817 /* AppState.swift */; };
		2D43E5CF294D155E00C14817 /* LoginPageView.swift in Sources */ = {isa = PBXBuildFile; fileRef = 2D43E5CE294D155E00C14817 /* LoginPageView.swift */; };
		2D43E5D1294D168700C14817 /* Credentials.swift in Sources */ = {isa = PBXBuildFile; fileRef = 2D43E5D0294D168700C14817 /* Credentials.swift */; };
		2D53562C294D1F7A00F8CE0B /* Office.swift in Sources */ = {isa = PBXBuildFile; fileRef = 2D53562B294D1F7A00F8CE0B /* Office.swift */; };
		2D535632294D201600F8CE0B /* Admin.swift in Sources */ = {isa = PBXBuildFile; fileRef = 2D535631294D201600F8CE0B /* Admin.swift */; };
		2D535635294D205C00F8CE0B /* Client.swift in Sources */ = {isa = PBXBuildFile; fileRef = 2D535634294D205C00F8CE0B /* Client.swift */; };
		2D535637294D206600F8CE0B /* Personal Manager.swift in Sources */ = {isa = PBXBuildFile; fileRef = 2D535636294D206600F8CE0B /* Personal Manager.swift */; };
		2D535639294D20E600F8CE0B /* Passport.swift in Sources */ = {isa = PBXBuildFile; fileRef = 2D535638294D20E600F8CE0B /* Passport.swift */; };
		2D53563D294D215B00F8CE0B /* Account.swift in Sources */ = {isa = PBXBuildFile; fileRef = 2D53563C294D215B00F8CE0B /* Account.swift */; };
		2D535640294D228800F8CE0B /* Application.swift in Sources */ = {isa = PBXBuildFile; fileRef = 2D53563F294D228800F8CE0B /* Application.swift */; };
		2D535642294D232300F8CE0B /* Transaction.swift in Sources */ = {isa = PBXBuildFile; fileRef = 2D535641294D232300F8CE0B /* Transaction.swift */; };
		2D535644294D242300F8CE0B /* SidebarView.swift in Sources */ = {isa = PBXBuildFile; fileRef = 2D535643294D242300F8CE0B /* SidebarView.swift */; };
		2D535646294D248200F8CE0B /* Toolbar.swift in Sources */ = {isa = PBXBuildFile; fileRef = 2D535645294D248200F8CE0B /* Toolbar.swift */; };
		2D535648294D249100F8CE0B /* Menus.swift in Sources */ = {isa = PBXBuildFile; fileRef = 2D535647294D249100F8CE0B /* Menus.swift */; };
		2D53564B294D24EC00F8CE0B /* ConnectionConfiguration.swift in Sources */ = {isa = PBXBuildFile; fileRef = 2D53564A294D24EC00F8CE0B /* ConnectionConfiguration.swift */; };
		2D590A1029565F550096F2FC /* DBTypes.swift in Sources */ = {isa = PBXBuildFile; fileRef = 2D590A0F29565F550096F2FC /* DBTypes.swift */; };
		2D590A132956E22D0096F2FC /* fill_db.sql in Resources */ = {isa = PBXBuildFile; fileRef = 2D590A122956E22D0096F2FC /* fill_db.sql */; };
		2D590A172956E31D0096F2FC /* init_db.sql in Resources */ = {isa = PBXBuildFile; fileRef = 2D590A162956E31D0096F2FC /* init_db.sql */; };
		2D590A1929570DEB0096F2FC /* ClientPageView.swift in Sources */ = {isa = PBXBuildFile; fileRef = 2D590A1829570DEB0096F2FC /* ClientPageView.swift */; };
		2D590A1B295711BB0096F2FC /* PersonalManagerPageView.swift in Sources */ = {isa = PBXBuildFile; fileRef = 2D590A1A295711BB0096F2FC /* PersonalManagerPageView.swift */; };
		2D590A1D295711C30096F2FC /* AdminPageView.swift in Sources */ = {isa = PBXBuildFile; fileRef = 2D590A1C295711C30096F2FC /* AdminPageView.swift */; };
		2D590A20295712720096F2FC /* SignUpPage.swift in Sources */ = {isa = PBXBuildFile; fileRef = 2D590A1F295712720096F2FC /* SignUpPage.swift */; };
		2DC4C7A8295744FF0047D579 /* AccountFactory.swift in Sources */ = {isa = PBXBuildFile; fileRef = 2DC4C7A7295744FF0047D579 /* AccountFactory.swift */; };
		2DC4C7AA295810380047D579 /* ClientFactory.swift in Sources */ = {isa = PBXBuildFile; fileRef = 2DC4C7A9295810380047D579 /* ClientFactory.swift */; };
		2DC4C7AD295813460047D579 /* CredentialsFactory.swift in Sources */ = {isa = PBXBuildFile; fileRef = 2DC4C7AC295813460047D579 /* CredentialsFactory.swift */; };
		2DC4C7AF2958198F0047D579 /* ApplicationFactory.swift in Sources */ = {isa = PBXBuildFile; fileRef = 2DC4C7AE2958198F0047D579 /* ApplicationFactory.swift */; };
		2DC4C7B129581BD90047D579 /* Array+Postgres.swift in Sources */ = {isa = PBXBuildFile; fileRef = 2DC4C7B029581BD90047D579 /* Array+Postgres.swift */; };
		2DC4C7B3295820570047D579 /* String+Postgres.swift in Sources */ = {isa = PBXBuildFile; fileRef = 2DC4C7B2295820570047D579 /* String+Postgres.swift */; };
		2DDDC4B02951140200BD5AB1 /* LoginPageViewModel.swift in Sources */ = {isa = PBXBuildFile; fileRef = 2DDDC4AF2951140200BD5AB1 /* LoginPageViewModel.swift */; };
		2DDDC4B22951147C00BD5AB1 /* Storage.swift in Sources */ = {isa = PBXBuildFile; fileRef = 2DDDC4B12951147C00BD5AB1 /* Storage.swift */; };
		2DE4DEB82938E56F00500801 /* BankSimulationApp.swift in Sources */ = {isa = PBXBuildFile; fileRef = 2DE4DEB72938E56F00500801 /* BankSimulationApp.swift */; };
		2DE4DEBC2938E57000500801 /* Assets.xcassets in Resources */ = {isa = PBXBuildFile; fileRef = 2DE4DEBB2938E57000500801 /* Assets.xcassets */; };
		2DE4DEBF2938E57000500801 /* Preview Assets.xcassets in Resources */ = {isa = PBXBuildFile; fileRef = 2DE4DEBE2938E57000500801 /* Preview Assets.xcassets */; };
		2DE4DEC92938E62800500801 /* PostgresClientKit in Frameworks */ = {isa = PBXBuildFile; productRef = 2DE4DEC82938E62800500801 /* PostgresClientKit */; };
/* End PBXBuildFile section */

/* Begin PBXFileReference section */
		2D43E5CA294D144500C14817 /* AppState.swift */ = {isa = PBXFileReference; lastKnownFileType = sourcecode.swift; path = AppState.swift; sourceTree = "<group>"; };
		2D43E5CE294D155E00C14817 /* LoginPageView.swift */ = {isa = PBXFileReference; lastKnownFileType = sourcecode.swift; path = LoginPageView.swift; sourceTree = "<group>"; };
		2D43E5D0294D168700C14817 /* Credentials.swift */ = {isa = PBXFileReference; lastKnownFileType = sourcecode.swift; path = Credentials.swift; sourceTree = "<group>"; };
		2D53562B294D1F7A00F8CE0B /* Office.swift */ = {isa = PBXFileReference; lastKnownFileType = sourcecode.swift; path = Office.swift; sourceTree = "<group>"; };
		2D535631294D201600F8CE0B /* Admin.swift */ = {isa = PBXFileReference; lastKnownFileType = sourcecode.swift; path = Admin.swift; sourceTree = "<group>"; };
		2D535634294D205C00F8CE0B /* Client.swift */ = {isa = PBXFileReference; lastKnownFileType = sourcecode.swift; path = Client.swift; sourceTree = "<group>"; };
		2D535636294D206600F8CE0B /* Personal Manager.swift */ = {isa = PBXFileReference; lastKnownFileType = sourcecode.swift; path = "Personal Manager.swift"; sourceTree = "<group>"; };
		2D535638294D20E600F8CE0B /* Passport.swift */ = {isa = PBXFileReference; lastKnownFileType = sourcecode.swift; path = Passport.swift; sourceTree = "<group>"; };
		2D53563C294D215B00F8CE0B /* Account.swift */ = {isa = PBXFileReference; lastKnownFileType = sourcecode.swift; path = Account.swift; sourceTree = "<group>"; };
		2D53563F294D228800F8CE0B /* Application.swift */ = {isa = PBXFileReference; lastKnownFileType = sourcecode.swift; path = Application.swift; sourceTree = "<group>"; };
		2D535641294D232300F8CE0B /* Transaction.swift */ = {isa = PBXFileReference; lastKnownFileType = sourcecode.swift; path = Transaction.swift; sourceTree = "<group>"; };
		2D535643294D242300F8CE0B /* SidebarView.swift */ = {isa = PBXFileReference; lastKnownFileType = sourcecode.swift; path = SidebarView.swift; sourceTree = "<group>"; };
		2D535645294D248200F8CE0B /* Toolbar.swift */ = {isa = PBXFileReference; lastKnownFileType = sourcecode.swift; path = Toolbar.swift; sourceTree = "<group>"; };
		2D535647294D249100F8CE0B /* Menus.swift */ = {isa = PBXFileReference; lastKnownFileType = sourcecode.swift; path = Menus.swift; sourceTree = "<group>"; };
		2D53564A294D24EC00F8CE0B /* ConnectionConfiguration.swift */ = {isa = PBXFileReference; lastKnownFileType = sourcecode.swift; path = ConnectionConfiguration.swift; sourceTree = "<group>"; };
		2D590A0F29565F550096F2FC /* DBTypes.swift */ = {isa = PBXFileReference; lastKnownFileType = sourcecode.swift; path = DBTypes.swift; sourceTree = "<group>"; };
		2D590A122956E22D0096F2FC /* fill_db.sql */ = {isa = PBXFileReference; fileEncoding = 4; lastKnownFileType = text; path = fill_db.sql; sourceTree = "<group>"; };
		2D590A162956E31D0096F2FC /* init_db.sql */ = {isa = PBXFileReference; fileEncoding = 4; lastKnownFileType = text; name = init_db.sql; path = ../../../Desktop/init_db.sql; sourceTree = "<group>"; };
		2D590A1829570DEB0096F2FC /* ClientPageView.swift */ = {isa = PBXFileReference; lastKnownFileType = sourcecode.swift; path = ClientPageView.swift; sourceTree = "<group>"; };
		2D590A1A295711BB0096F2FC /* PersonalManagerPageView.swift */ = {isa = PBXFileReference; lastKnownFileType = sourcecode.swift; path = PersonalManagerPageView.swift; sourceTree = "<group>"; };
		2D590A1C295711C30096F2FC /* AdminPageView.swift */ = {isa = PBXFileReference; lastKnownFileType = sourcecode.swift; path = AdminPageView.swift; sourceTree = "<group>"; };
		2D590A1F295712720096F2FC /* SignUpPage.swift */ = {isa = PBXFileReference; lastKnownFileType = sourcecode.swift; path = SignUpPage.swift; sourceTree = "<group>"; };
		2DC4C7A7295744FF0047D579 /* AccountFactory.swift */ = {isa = PBXFileReference; lastKnownFileType = sourcecode.swift; path = AccountFactory.swift; sourceTree = "<group>"; };
		2DC4C7A9295810380047D579 /* ClientFactory.swift */ = {isa = PBXFileReference; lastKnownFileType = sourcecode.swift; path = ClientFactory.swift; sourceTree = "<group>"; };
		2DC4C7AC295813460047D579 /* CredentialsFactory.swift */ = {isa = PBXFileReference; lastKnownFileType = sourcecode.swift; path = CredentialsFactory.swift; sourceTree = "<group>"; };
		2DC4C7AE2958198F0047D579 /* ApplicationFactory.swift */ = {isa = PBXFileReference; lastKnownFileType = sourcecode.swift; path = ApplicationFactory.swift; sourceTree = "<group>"; };
		2DC4C7B029581BD90047D579 /* Array+Postgres.swift */ = {isa = PBXFileReference; lastKnownFileType = sourcecode.swift; path = "Array+Postgres.swift"; sourceTree = "<group>"; };
		2DC4C7B2295820570047D579 /* String+Postgres.swift */ = {isa = PBXFileReference; lastKnownFileType = sourcecode.swift; path = "String+Postgres.swift"; sourceTree = "<group>"; };
		2DDDC4AF2951140200BD5AB1 /* LoginPageViewModel.swift */ = {isa = PBXFileReference; lastKnownFileType = sourcecode.swift; path = LoginPageViewModel.swift; sourceTree = "<group>"; };
		2DDDC4B12951147C00BD5AB1 /* Storage.swift */ = {isa = PBXFileReference; lastKnownFileType = sourcecode.swift; path = Storage.swift; sourceTree = "<group>"; };
		2DE4DEB42938E56F00500801 /* BankSimulation.app */ = {isa = PBXFileReference; explicitFileType = wrapper.application; includeInIndex = 0; path = BankSimulation.app; sourceTree = BUILT_PRODUCTS_DIR; };
		2DE4DEB72938E56F00500801 /* BankSimulationApp.swift */ = {isa = PBXFileReference; lastKnownFileType = sourcecode.swift; path = BankSimulationApp.swift; sourceTree = "<group>"; };
		2DE4DEBB2938E57000500801 /* Assets.xcassets */ = {isa = PBXFileReference; lastKnownFileType = folder.assetcatalog; path = Assets.xcassets; sourceTree = "<group>"; };
		2DE4DEBE2938E57000500801 /* Preview Assets.xcassets */ = {isa = PBXFileReference; lastKnownFileType = folder.assetcatalog; path = "Preview Assets.xcassets"; sourceTree = "<group>"; };
		2DE4DEC02938E57000500801 /* BankSimulation.entitlements */ = {isa = PBXFileReference; lastKnownFileType = text.plist.entitlements; path = BankSimulation.entitlements; sourceTree = "<group>"; };
/* End PBXFileReference section */

/* Begin PBXFrameworksBuildPhase section */
		2DE4DEB12938E56F00500801 /* Frameworks */ = {
			isa = PBXFrameworksBuildPhase;
			buildActionMask = 2147483647;
			files = (
				2DE4DEC92938E62800500801 /* PostgresClientKit in Frameworks */,
			);
			runOnlyForDeploymentPostprocessing = 0;
		};
/* End PBXFrameworksBuildPhase section */

/* Begin PBXGroup section */
		2D43E5D2294D168C00C14817 /* Model */ = {
			isa = PBXGroup;
			children = (
				2DC4C7B4295861BB0047D579 /* Extensions */,
				2DC4C7AB295812220047D579 /* Factories */,
				2D53563E294D216100F8CE0B /* account */,
				2D53563A294D213800F8CE0B /* roles */,
			);
			path = Model;
			sourceTree = "<group>";
		};
		2D53563A294D213800F8CE0B /* roles */ = {
			isa = PBXGroup;
			children = (
				2D535634294D205C00F8CE0B /* Client.swift */,
				2D535636294D206600F8CE0B /* Personal Manager.swift */,
				2D535631294D201600F8CE0B /* Admin.swift */,
			);
			path = roles;
			sourceTree = "<group>";
		};
		2D53563E294D216100F8CE0B /* account */ = {
			isa = PBXGroup;
			children = (
				2D53563C294D215B00F8CE0B /* Account.swift */,
				2D53563F294D228800F8CE0B /* Application.swift */,
				2D535641294D232300F8CE0B /* Transaction.swift */,
				2D53562B294D1F7A00F8CE0B /* Office.swift */,
				2D43E5D0294D168700C14817 /* Credentials.swift */,
				2D535638294D20E600F8CE0B /* Passport.swift */,
			);
			path = account;
			sourceTree = "<group>";
		};
		2D535649294D24D400F8CE0B /* SideUI */ = {
			isa = PBXGroup;
			children = (
				2D535643294D242300F8CE0B /* SidebarView.swift */,
				2D535645294D248200F8CE0B /* Toolbar.swift */,
				2D535647294D249100F8CE0B /* Menus.swift */,
			);
			path = SideUI;
			sourceTree = "<group>";
		};
		2D590A11295676F30096F2FC /* State */ = {
			isa = PBXGroup;
			children = (
				2D43E5CA294D144500C14817 /* AppState.swift */,
				2D53564A294D24EC00F8CE0B /* ConnectionConfiguration.swift */,
				2DDDC4B12951147C00BD5AB1 /* Storage.swift */,
				2D590A0F29565F550096F2FC /* DBTypes.swift */,
			);
			path = State;
			sourceTree = "<group>";
		};
		2D590A1E295711DF0096F2FC /* PageViews */ = {
			isa = PBXGroup;
			children = (
				2D43E5CE294D155E00C14817 /* LoginPageView.swift */,
				2D590A1F295712720096F2FC /* SignUpPage.swift */,
				2D590A1829570DEB0096F2FC /* ClientPageView.swift */,
				2D590A1A295711BB0096F2FC /* PersonalManagerPageView.swift */,
				2D590A1C295711C30096F2FC /* AdminPageView.swift */,
			);
			path = PageViews;
			sourceTree = "<group>";
		};
		2DC4C7AB295812220047D579 /* Factories */ = {
			isa = PBXGroup;
			children = (
				2DC4C7A7295744FF0047D579 /* AccountFactory.swift */,
				2DC4C7A9295810380047D579 /* ClientFactory.swift */,
				2DC4C7AC295813460047D579 /* CredentialsFactory.swift */,
				2DC4C7AE2958198F0047D579 /* ApplicationFactory.swift */,
			);
			path = Factories;
			sourceTree = "<group>";
		};
		2DC4C7B4295861BB0047D579 /* Extensions */ = {
			isa = PBXGroup;
			children = (
				2DC4C7B029581BD90047D579 /* Array+Postgres.swift */,
				2DC4C7B2295820570047D579 /* String+Postgres.swift */,
			);
			path = Extensions;
			sourceTree = "<group>";
		};
		2DE4DEAB2938E56F00500801 = {
			isa = PBXGroup;
			children = (
				2DE4DEB62938E56F00500801 /* BankSimulation */,
				2DE4DEB52938E56F00500801 /* Products */,
			);
			sourceTree = "<group>";
		};
		2DE4DEB52938E56F00500801 /* Products */ = {
			isa = PBXGroup;
			children = (
				2DE4DEB42938E56F00500801 /* BankSimulation.app */,
			);
			name = Products;
			sourceTree = "<group>";
		};
		2DE4DEB62938E56F00500801 /* BankSimulation */ = {
			isa = PBXGroup;
			children = (
				2DE4DEB72938E56F00500801 /* BankSimulationApp.swift */,
				2DDDC4AF2951140200BD5AB1 /* LoginPageViewModel.swift */,
				2D590A1E295711DF0096F2FC /* PageViews */,
				2D590A11295676F30096F2FC /* State */,
				2D43E5D2294D168C00C14817 /* Model */,
				2D535649294D24D400F8CE0B /* SideUI */,
				2DE4DEBB2938E57000500801 /* Assets.xcassets */,
				2DE4DEC02938E57000500801 /* BankSimulation.entitlements */,
				2DE4DEBD2938E57000500801 /* Preview Content */,
				2D590A122956E22D0096F2FC /* fill_db.sql */,
				2D590A162956E31D0096F2FC /* init_db.sql */,
			);
			path = BankSimulation;
			sourceTree = "<group>";
		};
		2DE4DEBD2938E57000500801 /* Preview Content */ = {
			isa = PBXGroup;
			children = (
				2DE4DEBE2938E57000500801 /* Preview Assets.xcassets */,
			);
			path = "Preview Content";
			sourceTree = "<group>";
		};
/* End PBXGroup section */

/* Begin PBXNativeTarget section */
		2DE4DEB32938E56F00500801 /* BankSimulation */ = {
			isa = PBXNativeTarget;
			buildConfigurationList = 2DE4DEC32938E57000500801 /* Build configuration list for PBXNativeTarget "BankSimulation" */;
			buildPhases = (
				2DE4DEB02938E56F00500801 /* Sources */,
				2DE4DEB12938E56F00500801 /* Frameworks */,
				2DE4DEB22938E56F00500801 /* Resources */,
			);
			buildRules = (
			);
			dependencies = (
			);
			name = BankSimulation;
			packageProductDependencies = (
				2DE4DEC82938E62800500801 /* PostgresClientKit */,
			);
			productName = BankSimulation;
			productReference = 2DE4DEB42938E56F00500801 /* BankSimulation.app */;
			productType = "com.apple.product-type.application";
		};
/* End PBXNativeTarget section */

/* Begin PBXProject section */
		2DE4DEAC2938E56F00500801 /* Project object */ = {
			isa = PBXProject;
			attributes = {
				BuildIndependentTargetsInParallel = 1;
				LastSwiftUpdateCheck = 1410;
				LastUpgradeCheck = 1420;
				TargetAttributes = {
					2DE4DEB32938E56F00500801 = {
						CreatedOnToolsVersion = 14.1;
					};
				};
			};
			buildConfigurationList = 2DE4DEAF2938E56F00500801 /* Build configuration list for PBXProject "BankSimulation" */;
			compatibilityVersion = "Xcode 14.0";
			developmentRegion = en;
			hasScannedForEncodings = 0;
			knownRegions = (
				en,
				Base,
			);
			mainGroup = 2DE4DEAB2938E56F00500801;
			packageReferences = (
				2DE4DEC72938E62800500801 /* XCRemoteSwiftPackageReference "PostgresClientKit" */,
			);
			productRefGroup = 2DE4DEB52938E56F00500801 /* Products */;
			projectDirPath = "";
			projectRoot = "";
			targets = (
				2DE4DEB32938E56F00500801 /* BankSimulation */,
			);
		};
/* End PBXProject section */

/* Begin PBXResourcesBuildPhase section */
		2DE4DEB22938E56F00500801 /* Resources */ = {
			isa = PBXResourcesBuildPhase;
			buildActionMask = 2147483647;
			files = (
				2D590A132956E22D0096F2FC /* fill_db.sql in Resources */,
				2DE4DEBF2938E57000500801 /* Preview Assets.xcassets in Resources */,
				2D590A172956E31D0096F2FC /* init_db.sql in Resources */,
				2DE4DEBC2938E57000500801 /* Assets.xcassets in Resources */,
			);
			runOnlyForDeploymentPostprocessing = 0;
		};
/* End PBXResourcesBuildPhase section */

/* Begin PBXSourcesBuildPhase section */
		2DE4DEB02938E56F00500801 /* Sources */ = {
			isa = PBXSourcesBuildPhase;
			buildActionMask = 2147483647;
			files = (
				2DC4C7AD295813460047D579 /* CredentialsFactory.swift in Sources */,
				2D590A1029565F550096F2FC /* DBTypes.swift in Sources */,
				2D590A1D295711C30096F2FC /* AdminPageView.swift in Sources */,
				2D535632294D201600F8CE0B /* Admin.swift in Sources */,
				2D53563D294D215B00F8CE0B /* Account.swift in Sources */,
				2D43E5CB294D144500C14817 /* AppState.swift in Sources */,
				2DC4C7A8295744FF0047D579 /* AccountFactory.swift in Sources */,
				2DDDC4B22951147C00BD5AB1 /* Storage.swift in Sources */,
				2D590A20295712720096F2FC /* SignUpPage.swift in Sources */,
				2D43E5CF294D155E00C14817 /* LoginPageView.swift in Sources */,
				2DC4C7AA295810380047D579 /* ClientFactory.swift in Sources */,
				2DC4C7AF2958198F0047D579 /* ApplicationFactory.swift in Sources */,
				2D53562C294D1F7A00F8CE0B /* Office.swift in Sources */,
				2D43E5D1294D168700C14817 /* Credentials.swift in Sources */,
				2D53564B294D24EC00F8CE0B /* ConnectionConfiguration.swift in Sources */,
				2D535640294D228800F8CE0B /* Application.swift in Sources */,
				2D590A1B295711BB0096F2FC /* PersonalManagerPageView.swift in Sources */,
				2DE4DEB82938E56F00500801 /* BankSimulationApp.swift in Sources */,
				2DC4C7B3295820570047D579 /* String+Postgres.swift in Sources */,
				2D535644294D242300F8CE0B /* SidebarView.swift in Sources */,
				2DC4C7B129581BD90047D579 /* Array+Postgres.swift in Sources */,
				2D535635294D205C00F8CE0B /* Client.swift in Sources */,
				2D535639294D20E600F8CE0B /* Passport.swift in Sources */,
				2D590A1929570DEB0096F2FC /* ClientPageView.swift in Sources */,
				2D535646294D248200F8CE0B /* Toolbar.swift in Sources */,
				2D535637294D206600F8CE0B /* Personal Manager.swift in Sources */,
				2D535648294D249100F8CE0B /* Menus.swift in Sources */,
				2D535642294D232300F8CE0B /* Transaction.swift in Sources */,
				2DDDC4B02951140200BD5AB1 /* LoginPageViewModel.swift in Sources */,
			);
			runOnlyForDeploymentPostprocessing = 0;
		};
/* End PBXSourcesBuildPhase section */

/* Begin XCBuildConfiguration section */
		2DE4DEC12938E57000500801 /* Debug */ = {
			isa = XCBuildConfiguration;
			buildSettings = {
				ALWAYS_SEARCH_USER_PATHS = NO;
				CLANG_ANALYZER_NONNULL = YES;
				CLANG_ANALYZER_NUMBER_OBJECT_CONVERSION = YES_AGGRESSIVE;
				CLANG_CXX_LANGUAGE_STANDARD = "gnu++20";
				CLANG_ENABLE_MODULES = YES;
				CLANG_ENABLE_OBJC_ARC = YES;
				CLANG_ENABLE_OBJC_WEAK = YES;
				CLANG_WARN_BLOCK_CAPTURE_AUTORELEASING = YES;
				CLANG_WARN_BOOL_CONVERSION = YES;
				CLANG_WARN_COMMA = YES;
				CLANG_WARN_CONSTANT_CONVERSION = YES;
				CLANG_WARN_DEPRECATED_OBJC_IMPLEMENTATIONS = YES;
				CLANG_WARN_DIRECT_OBJC_ISA_USAGE = YES_ERROR;
				CLANG_WARN_DOCUMENTATION_COMMENTS = YES;
				CLANG_WARN_EMPTY_BODY = YES;
				CLANG_WARN_ENUM_CONVERSION = YES;
				CLANG_WARN_INFINITE_RECURSION = YES;
				CLANG_WARN_INT_CONVERSION = YES;
				CLANG_WARN_NON_LITERAL_NULL_CONVERSION = YES;
				CLANG_WARN_OBJC_IMPLICIT_RETAIN_SELF = YES;
				CLANG_WARN_OBJC_LITERAL_CONVERSION = YES;
				CLANG_WARN_OBJC_ROOT_CLASS = YES_ERROR;
				CLANG_WARN_QUOTED_INCLUDE_IN_FRAMEWORK_HEADER = YES;
				CLANG_WARN_RANGE_LOOP_ANALYSIS = YES;
				CLANG_WARN_STRICT_PROTOTYPES = YES;
				CLANG_WARN_SUSPICIOUS_MOVE = YES;
				CLANG_WARN_UNGUARDED_AVAILABILITY = YES_AGGRESSIVE;
				CLANG_WARN_UNREACHABLE_CODE = YES;
				CLANG_WARN__DUPLICATE_METHOD_MATCH = YES;
				COPY_PHASE_STRIP = NO;
				DEAD_CODE_STRIPPING = YES;
				DEBUG_INFORMATION_FORMAT = dwarf;
				ENABLE_STRICT_OBJC_MSGSEND = YES;
				ENABLE_TESTABILITY = YES;
				GCC_C_LANGUAGE_STANDARD = gnu11;
				GCC_DYNAMIC_NO_PIC = NO;
				GCC_NO_COMMON_BLOCKS = YES;
				GCC_OPTIMIZATION_LEVEL = 0;
				GCC_PREPROCESSOR_DEFINITIONS = (
					"DEBUG=1",
					"$(inherited)",
				);
				GCC_WARN_64_TO_32_BIT_CONVERSION = YES;
				GCC_WARN_ABOUT_RETURN_TYPE = YES_ERROR;
				GCC_WARN_UNDECLARED_SELECTOR = YES;
				GCC_WARN_UNINITIALIZED_AUTOS = YES_AGGRESSIVE;
				GCC_WARN_UNUSED_FUNCTION = YES;
				GCC_WARN_UNUSED_VARIABLE = YES;
				MACOSX_DEPLOYMENT_TARGET = 13.0;
				MTL_ENABLE_DEBUG_INFO = INCLUDE_SOURCE;
				MTL_FAST_MATH = YES;
				ONLY_ACTIVE_ARCH = YES;
				SDKROOT = macosx;
				SWIFT_ACTIVE_COMPILATION_CONDITIONS = DEBUG;
				SWIFT_OPTIMIZATION_LEVEL = "-Onone";
			};
			name = Debug;
		};
		2DE4DEC22938E57000500801 /* Release */ = {
			isa = XCBuildConfiguration;
			buildSettings = {
				ALWAYS_SEARCH_USER_PATHS = NO;
				CLANG_ANALYZER_NONNULL = YES;
				CLANG_ANALYZER_NUMBER_OBJECT_CONVERSION = YES_AGGRESSIVE;
				CLANG_CXX_LANGUAGE_STANDARD = "gnu++20";
				CLANG_ENABLE_MODULES = YES;
				CLANG_ENABLE_OBJC_ARC = YES;
				CLANG_ENABLE_OBJC_WEAK = YES;
				CLANG_WARN_BLOCK_CAPTURE_AUTORELEASING = YES;
				CLANG_WARN_BOOL_CONVERSION = YES;
				CLANG_WARN_COMMA = YES;
				CLANG_WARN_CONSTANT_CONVERSION = YES;
				CLANG_WARN_DEPRECATED_OBJC_IMPLEMENTATIONS = YES;
				CLANG_WARN_DIRECT_OBJC_ISA_USAGE = YES_ERROR;
				CLANG_WARN_DOCUMENTATION_COMMENTS = YES;
				CLANG_WARN_EMPTY_BODY = YES;
				CLANG_WARN_ENUM_CONVERSION = YES;
				CLANG_WARN_INFINITE_RECURSION = YES;
				CLANG_WARN_INT_CONVERSION = YES;
				CLANG_WARN_NON_LITERAL_NULL_CONVERSION = YES;
				CLANG_WARN_OBJC_IMPLICIT_RETAIN_SELF = YES;
				CLANG_WARN_OBJC_LITERAL_CONVERSION = YES;
				CLANG_WARN_OBJC_ROOT_CLASS = YES_ERROR;
				CLANG_WARN_QUOTED_INCLUDE_IN_FRAMEWORK_HEADER = YES;
				CLANG_WARN_RANGE_LOOP_ANALYSIS = YES;
				CLANG_WARN_STRICT_PROTOTYPES = YES;
				CLANG_WARN_SUSPICIOUS_MOVE = YES;
				CLANG_WARN_UNGUARDED_AVAILABILITY = YES_AGGRESSIVE;
				CLANG_WARN_UNREACHABLE_CODE = YES;
				CLANG_WARN__DUPLICATE_METHOD_MATCH = YES;
				COPY_PHASE_STRIP = NO;
				DEAD_CODE_STRIPPING = YES;
				DEBUG_INFORMATION_FORMAT = "dwarf-with-dsym";
				ENABLE_NS_ASSERTIONS = NO;
				ENABLE_STRICT_OBJC_MSGSEND = YES;
				GCC_C_LANGUAGE_STANDARD = gnu11;
				GCC_NO_COMMON_BLOCKS = YES;
				GCC_WARN_64_TO_32_BIT_CONVERSION = YES;
				GCC_WARN_ABOUT_RETURN_TYPE = YES_ERROR;
				GCC_WARN_UNDECLARED_SELECTOR = YES;
				GCC_WARN_UNINITIALIZED_AUTOS = YES_AGGRESSIVE;
				GCC_WARN_UNUSED_FUNCTION = YES;
				GCC_WARN_UNUSED_VARIABLE = YES;
				MACOSX_DEPLOYMENT_TARGET = 13.0;
				MTL_ENABLE_DEBUG_INFO = NO;
				MTL_FAST_MATH = YES;
				SDKROOT = macosx;
				SWIFT_COMPILATION_MODE = wholemodule;
				SWIFT_OPTIMIZATION_LEVEL = "-O";
			};
			name = Release;
		};
		2DE4DEC42938E57000500801 /* Debug */ = {
			isa = XCBuildConfiguration;
			buildSettings = {
				ASSETCATALOG_COMPILER_APPICON_NAME = AppIcon;
				ASSETCATALOG_COMPILER_GLOBAL_ACCENT_COLOR_NAME = AccentColor;
				CODE_SIGN_ENTITLEMENTS = BankSimulation/BankSimulation.entitlements;
				CODE_SIGN_IDENTITY = "-";
				CODE_SIGN_STYLE = Automatic;
				COMBINE_HIDPI_IMAGES = YES;
				CURRENT_PROJECT_VERSION = 1;
				DEAD_CODE_STRIPPING = YES;
				DEVELOPMENT_ASSET_PATHS = "\"BankSimulation/Preview Content\"";
				DEVELOPMENT_TEAM = 6LQ3YPWD94;
				ENABLE_HARDENED_RUNTIME = YES;
				ENABLE_PREVIEWS = YES;
				GENERATE_INFOPLIST_FILE = YES;
				INFOPLIST_KEY_NSHumanReadableCopyright = "";
				LD_RUNPATH_SEARCH_PATHS = (
					"$(inherited)",
					"@executable_path/../Frameworks",
				);
				MARKETING_VERSION = 1.0;
				PRODUCT_BUNDLE_IDENTIFIER = com.meinkognito.BankSimulation;
				PRODUCT_NAME = "$(TARGET_NAME)";
				SWIFT_EMIT_LOC_STRINGS = YES;
				SWIFT_VERSION = 5.0;
			};
			name = Debug;
		};
		2DE4DEC52938E57000500801 /* Release */ = {
			isa = XCBuildConfiguration;
			buildSettings = {
				ASSETCATALOG_COMPILER_APPICON_NAME = AppIcon;
				ASSETCATALOG_COMPILER_GLOBAL_ACCENT_COLOR_NAME = AccentColor;
				CODE_SIGN_ENTITLEMENTS = BankSimulation/BankSimulation.entitlements;
				CODE_SIGN_IDENTITY = "-";
				CODE_SIGN_STYLE = Automatic;
				COMBINE_HIDPI_IMAGES = YES;
				CURRENT_PROJECT_VERSION = 1;
				DEAD_CODE_STRIPPING = YES;
				DEVELOPMENT_ASSET_PATHS = "\"BankSimulation/Preview Content\"";
				DEVELOPMENT_TEAM = 6LQ3YPWD94;
				ENABLE_HARDENED_RUNTIME = YES;
				ENABLE_PREVIEWS = YES;
				GENERATE_INFOPLIST_FILE = YES;
				INFOPLIST_KEY_NSHumanReadableCopyright = "";
				LD_RUNPATH_SEARCH_PATHS = (
					"$(inherited)",
					"@executable_path/../Frameworks",
				);
				MARKETING_VERSION = 1.0;
				PRODUCT_BUNDLE_IDENTIFIER = com.meinkognito.BankSimulation;
				PRODUCT_NAME = "$(TARGET_NAME)";
				SWIFT_EMIT_LOC_STRINGS = YES;
				SWIFT_VERSION = 5.0;
			};
			name = Release;
		};
/* End XCBuildConfiguration section */

/* Begin XCConfigurationList section */
		2DE4DEAF2938E56F00500801 /* Build configuration list for PBXProject "BankSimulation" */ = {
			isa = XCConfigurationList;
			buildConfigurations = (
				2DE4DEC12938E57000500801 /* Debug */,
				2DE4DEC22938E57000500801 /* Release */,
			);
			defaultConfigurationIsVisible = 0;
			defaultConfigurationName = Release;
		};
		2DE4DEC32938E57000500801 /* Build configuration list for PBXNativeTarget "BankSimulation" */ = {
			isa = XCConfigurationList;
			buildConfigurations = (
				2DE4DEC42938E57000500801 /* Debug */,
				2DE4DEC52938E57000500801 /* Release */,
			);
			defaultConfigurationIsVisible = 0;
			defaultConfigurationName = Release;
		};
/* End XCConfigurationList section */

/* Begin XCRemoteSwiftPackageReference section */
		2DE4DEC72938E62800500801 /* XCRemoteSwiftPackageReference "PostgresClientKit" */ = {
			isa = XCRemoteSwiftPackageReference;
			repositoryURL = "https://github.com/codewinsdotcom/PostgresClientKit";
			requirement = {
				branch = master;
				kind = branch;
			};
		};
/* End XCRemoteSwiftPackageReference section */

/* Begin XCSwiftPackageProductDependency section */
		2DE4DEC82938E62800500801 /* PostgresClientKit */ = {
			isa = XCSwiftPackageProductDependency;
			package = 2DE4DEC72938E62800500801 /* XCRemoteSwiftPackageReference "PostgresClientKit" */;
			productName = PostgresClientKit;
		};
/* End XCSwiftPackageProductDependency section */
	};
	rootObject = 2DE4DEAC2938E56F00500801 /* Project object */;
}
